// !$*UTF8*$!
{
	archiveVersion = 1;
	classes = {
	};
	objectVersion = 46;
	objects = {

/* Begin PBXBuildFile section */
		673D3DA51CEC584F004DA86D /* LocationSearchTable.swift in Sources */ = {isa = PBXBuildFile; fileRef = 673D3DA41CEC584F004DA86D /* LocationSearchTable.swift */; };
		676017D41CE7DAF7002784CC /* AddMemberViewController.swift in Sources */ = {isa = PBXBuildFile; fileRef = 676017D01CE7DAF6002784CC /* AddMemberViewController.swift */; };
		676017D51CE7DAF7002784CC /* Member.swift in Sources */ = {isa = PBXBuildFile; fileRef = 676017D11CE7DAF6002784CC /* Member.swift */; };
		676017D61CE7DAF7002784CC /* MemberCell.swift in Sources */ = {isa = PBXBuildFile; fileRef = 676017D21CE7DAF6002784CC /* MemberCell.swift */; };
		676017D71CE7DAF7002784CC /* MembersViewController.swift in Sources */ = {isa = PBXBuildFile; fileRef = 676017D31CE7DAF6002784CC /* MembersViewController.swift */; };
		67C7DEAF1CEBE4B90094C22F /* AppDelegate.swift in Sources */ = {isa = PBXBuildFile; fileRef = 67C7DEAE1CEBE4B90094C22F /* AppDelegate.swift */; };
		67C7DEB31CEBE66B0094C22F /* MapViewController.swift in Sources */ = {isa = PBXBuildFile; fileRef = 67C7DEB21CEBE66B0094C22F /* MapViewController.swift */; };
		8528CDC51CE6867F003794D5 /* Firebase.framework in Frameworks */ = {isa = PBXBuildFile; fileRef = 8528CDC41CE6867F003794D5 /* Firebase.framework */; };
		8528CDC71CE686BA003794D5 /* libicucore.tbd in Frameworks */ = {isa = PBXBuildFile; fileRef = 8528CDC61CE686BA003794D5 /* libicucore.tbd */; };
		8528CDC91CE686C6003794D5 /* libc++.tbd in Frameworks */ = {isa = PBXBuildFile; fileRef = 8528CDC81CE686C6003794D5 /* libc++.tbd */; };
		8528CDCB1CE686CF003794D5 /* CFNetwork.framework in Frameworks */ = {isa = PBXBuildFile; fileRef = 8528CDCA1CE686CF003794D5 /* CFNetwork.framework */; };
		8528CDCD1CE686DA003794D5 /* Security.framework in Frameworks */ = {isa = PBXBuildFile; fileRef = 8528CDCC1CE686DA003794D5 /* Security.framework */; };
		8528CDCF1CE686E4003794D5 /* SystemConfiguration.framework in Frameworks */ = {isa = PBXBuildFile; fileRef = 8528CDCE1CE686E4003794D5 /* SystemConfiguration.framework */; };
		8528CDD11CE691D3003794D5 /* SignInViewController.swift in Sources */ = {isa = PBXBuildFile; fileRef = 8528CDD01CE691D3003794D5 /* SignInViewController.swift */; };
		859671231CE7CC9F003644F3 /* Main.storyboard in Resources */ = {isa = PBXBuildFile; fileRef = 859671221CE7CC9E003644F3 /* Main.storyboard */; };
		85FE6A3D1CEE605500FD2D55 /* CreateAccountViewController.swift in Sources */ = {isa = PBXBuildFile; fileRef = 85FE6A3C1CEE605500FD2D55 /* CreateAccountViewController.swift */; };
		EC9C62651CEAAA6B00DE00A4 /* EventCell.swift in Sources */ = {isa = PBXBuildFile; fileRef = EC9C62641CEAAA6B00DE00A4 /* EventCell.swift */; };
		EC9C62671CEAAADF00DE00A4 /* EventsViewController.swift in Sources */ = {isa = PBXBuildFile; fileRef = EC9C62661CEAAADF00DE00A4 /* EventsViewController.swift */; };
		EC9C62691CEAADA400DE00A4 /* Event.swift in Sources */ = {isa = PBXBuildFile; fileRef = EC9C62681CEAADA400DE00A4 /* Event.swift */; };
		FC1E24831C2B10F5009E9908 /* Assets.xcassets in Resources */ = {isa = PBXBuildFile; fileRef = FC1E24821C2B10F5009E9908 /* Assets.xcassets */; };
		FC1E24861C2B10F5009E9908 /* LaunchScreen.storyboard in Resources */ = {isa = PBXBuildFile; fileRef = FC1E24841C2B10F5009E9908 /* LaunchScreen.storyboard */; };
/* End PBXBuildFile section */

/* Begin PBXFileReference section */
		673D3DA41CEC584F004DA86D /* LocationSearchTable.swift */ = {isa = PBXFileReference; fileEncoding = 4; lastKnownFileType = sourcecode.swift; path = LocationSearchTable.swift; sourceTree = "<group>"; };
		676017D01CE7DAF6002784CC /* AddMemberViewController.swift */ = {isa = PBXFileReference; fileEncoding = 4; lastKnownFileType = sourcecode.swift; path = AddMemberViewController.swift; sourceTree = "<group>"; };
		676017D11CE7DAF6002784CC /* Member.swift */ = {isa = PBXFileReference; fileEncoding = 4; lastKnownFileType = sourcecode.swift; path = Member.swift; sourceTree = "<group>"; };
		676017D21CE7DAF6002784CC /* MemberCell.swift */ = {isa = PBXFileReference; fileEncoding = 4; lastKnownFileType = sourcecode.swift; path = MemberCell.swift; sourceTree = "<group>"; };
		676017D31CE7DAF6002784CC /* MembersViewController.swift */ = {isa = PBXFileReference; fileEncoding = 4; lastKnownFileType = sourcecode.swift; path = MembersViewController.swift; sourceTree = "<group>"; };
		67C7DEAE1CEBE4B90094C22F /* AppDelegate.swift */ = {isa = PBXFileReference; fileEncoding = 4; lastKnownFileType = sourcecode.swift; path = AppDelegate.swift; sourceTree = "<group>"; };
		67C7DEB21CEBE66B0094C22F /* MapViewController.swift */ = {isa = PBXFileReference; fileEncoding = 4; lastKnownFileType = sourcecode.swift; path = MapViewController.swift; sourceTree = "<group>"; };
		8528CDC41CE6867F003794D5 /* Firebase.framework */ = {isa = PBXFileReference; lastKnownFileType = wrapper.framework; name = Firebase.framework; path = Rendezvous/Firebase.framework; sourceTree = "<group>"; };
		8528CDC61CE686BA003794D5 /* libicucore.tbd */ = {isa = PBXFileReference; lastKnownFileType = "sourcecode.text-based-dylib-definition"; name = libicucore.tbd; path = usr/lib/libicucore.tbd; sourceTree = SDKROOT; };
		8528CDC81CE686C6003794D5 /* libc++.tbd */ = {isa = PBXFileReference; lastKnownFileType = "sourcecode.text-based-dylib-definition"; name = "libc++.tbd"; path = "usr/lib/libc++.tbd"; sourceTree = SDKROOT; };
		8528CDCA1CE686CF003794D5 /* CFNetwork.framework */ = {isa = PBXFileReference; lastKnownFileType = wrapper.framework; name = CFNetwork.framework; path = System/Library/Frameworks/CFNetwork.framework; sourceTree = SDKROOT; };
		8528CDCC1CE686DA003794D5 /* Security.framework */ = {isa = PBXFileReference; lastKnownFileType = wrapper.framework; name = Security.framework; path = System/Library/Frameworks/Security.framework; sourceTree = SDKROOT; };
		8528CDCE1CE686E4003794D5 /* SystemConfiguration.framework */ = {isa = PBXFileReference; lastKnownFileType = wrapper.framework; name = SystemConfiguration.framework; path = System/Library/Frameworks/SystemConfiguration.framework; sourceTree = SDKROOT; };
		8528CDD01CE691D3003794D5 /* SignInViewController.swift */ = {isa = PBXFileReference; fileEncoding = 4; lastKnownFileType = sourcecode.swift; path = SignInViewController.swift; sourceTree = "<group>"; };
		859671221CE7CC9E003644F3 /* Main.storyboard */ = {isa = PBXFileReference; fileEncoding = 4; lastKnownFileType = file.storyboard; path = Main.storyboard; sourceTree = "<group>"; };
		85FE6A3C1CEE605500FD2D55 /* CreateAccountViewController.swift */ = {isa = PBXFileReference; fileEncoding = 4; lastKnownFileType = sourcecode.swift; path = CreateAccountViewController.swift; sourceTree = "<group>"; };
		EC9C62641CEAAA6B00DE00A4 /* EventCell.swift */ = {isa = PBXFileReference; fileEncoding = 4; lastKnownFileType = sourcecode.swift; path = EventCell.swift; sourceTree = "<group>"; };
		EC9C62661CEAAADF00DE00A4 /* EventsViewController.swift */ = {isa = PBXFileReference; fileEncoding = 4; lastKnownFileType = sourcecode.swift; path = EventsViewController.swift; sourceTree = "<group>"; };
		EC9C62681CEAADA400DE00A4 /* Event.swift */ = {isa = PBXFileReference; fileEncoding = 4; lastKnownFileType = sourcecode.swift; path = Event.swift; sourceTree = "<group>"; };
		FC1E24781C2B10F5009E9908 /* Rendezvous.app */ = {isa = PBXFileReference; explicitFileType = wrapper.application; includeInIndex = 0; path = Rendezvous.app; sourceTree = BUILT_PRODUCTS_DIR; };
		FC1E24821C2B10F5009E9908 /* Assets.xcassets */ = {isa = PBXFileReference; lastKnownFileType = folder.assetcatalog; path = Assets.xcassets; sourceTree = "<group>"; };
		FC1E24851C2B10F5009E9908 /* Base */ = {isa = PBXFileReference; lastKnownFileType = file.storyboard; name = Base; path = Base.lproj/LaunchScreen.storyboard; sourceTree = "<group>"; };
		FC1E24871C2B10F5009E9908 /* Info.plist */ = {isa = PBXFileReference; lastKnownFileType = text.plist.xml; path = Info.plist; sourceTree = "<group>"; };
/* End PBXFileReference section */

/* Begin PBXFrameworksBuildPhase section */
		FC1E24751C2B10F5009E9908 /* Frameworks */ = {
			isa = PBXFrameworksBuildPhase;
			buildActionMask = 2147483647;
			files = (
				8528CDC51CE6867F003794D5 /* Firebase.framework in Frameworks */,
				8528CDCF1CE686E4003794D5 /* SystemConfiguration.framework in Frameworks */,
				8528CDCD1CE686DA003794D5 /* Security.framework in Frameworks */,
				8528CDCB1CE686CF003794D5 /* CFNetwork.framework in Frameworks */,
				8528CDC91CE686C6003794D5 /* libc++.tbd in Frameworks */,
				8528CDC71CE686BA003794D5 /* libicucore.tbd in Frameworks */,
			);
			runOnlyForDeploymentPostprocessing = 0;
		};
/* End PBXFrameworksBuildPhase section */

/* Begin PBXGroup section */
		67D3EEBE1CEC5D840001EFFA /* Framework */ = {
			isa = PBXGroup;
			children = (
				8528CDCA1CE686CF003794D5 /* CFNetwork.framework */,
				8528CDC41CE6867F003794D5 /* Firebase.framework */,
				8528CDCE1CE686E4003794D5 /* SystemConfiguration.framework */,
				8528CDCC1CE686DA003794D5 /* Security.framework */,
			);
			name = Framework;
			path = ..;
			sourceTree = "<group>";
		};
		67D3EEBF1CEC5FDC0001EFFA /* Library */ = {
			isa = PBXGroup;
			children = (
				8528CDC81CE686C6003794D5 /* libc++.tbd */,
				8528CDC61CE686BA003794D5 /* libicucore.tbd */,
			);
			name = Library;
			path = ..;
			sourceTree = "<group>";
		};
		FC1E246F1C2B10F5009E9908 = {
			isa = PBXGroup;
			children = (
				FC1E247A1C2B10F5009E9908 /* Rendezvous */,
				FC1E24791C2B10F5009E9908 /* Products */,
			);
			sourceTree = "<group>";
		};
		FC1E24791C2B10F5009E9908 /* Products */ = {
			isa = PBXGroup;
			children = (
				FC1E24781C2B10F5009E9908 /* Rendezvous.app */,
			);
			name = Products;
			sourceTree = "<group>";
		};
		FC1E247A1C2B10F5009E9908 /* Rendezvous */ = {
			isa = PBXGroup;
			children = (
				676017D01CE7DAF6002784CC /* AddMemberViewController.swift */,
				67C7DEAE1CEBE4B90094C22F /* AppDelegate.swift */,
				EC9C62681CEAADA400DE00A4 /* Event.swift */,
				EC9C62641CEAAA6B00DE00A4 /* EventCell.swift */,
				EC9C62661CEAAADF00DE00A4 /* EventsViewController.swift */,
				673D3DA41CEC584F004DA86D /* LocationSearchTable.swift */,
				859671221CE7CC9E003644F3 /* Main.storyboard */,
				85FE6A3C1CEE605500FD2D55 /* CreateAccountViewController.swift */,
				67C7DEB21CEBE66B0094C22F /* MapViewController.swift */,
				676017D11CE7DAF6002784CC /* Member.swift */,
				676017D21CE7DAF6002784CC /* MemberCell.swift */,
				676017D31CE7DAF6002784CC /* MembersViewController.swift */,
				8528CDD01CE691D3003794D5 /* SignInViewController.swift */,
				FC1E24821C2B10F5009E9908 /* Assets.xcassets */,
				FC1E24841C2B10F5009E9908 /* LaunchScreen.storyboard */,
				FC1E24871C2B10F5009E9908 /* Info.plist */,
				67D3EEBE1CEC5D840001EFFA /* Framework */,
				67D3EEBF1CEC5FDC0001EFFA /* Library */,
			);
			path = Rendezvous;
			sourceTree = "<group>";
		};
/* End PBXGroup section */

/* Begin PBXNativeTarget section */
		FC1E24771C2B10F5009E9908 /* Rendezvous */ = {
			isa = PBXNativeTarget;
			buildConfigurationList = FC1E248A1C2B10F5009E9908 /* Build configuration list for PBXNativeTarget "Rendezvous" */;
			buildPhases = (
				FC1E24741C2B10F5009E9908 /* Sources */,
				FC1E24751C2B10F5009E9908 /* Frameworks */,
				FC1E24761C2B10F5009E9908 /* Resources */,
			);
			buildRules = (
			);
			dependencies = (
			);
			name = Rendezvous;
			productName = MapKitTutorial;
			productReference = FC1E24781C2B10F5009E9908 /* Rendezvous.app */;
			productType = "com.apple.product-type.application";
		};
/* End PBXNativeTarget section */

/* Begin PBXProject section */
		FC1E24701C2B10F5009E9908 /* Project object */ = {
			isa = PBXProject;
			attributes = {
				LastSwiftUpdateCheck = 0720;
				LastUpgradeCheck = 0720;
				ORGANIZATIONNAME = "FOUR GUYS";
				TargetAttributes = {
					FC1E24771C2B10F5009E9908 = {
						CreatedOnToolsVersion = 7.2;
						DevelopmentTeam = PNU7AS5372;
						SystemCapabilities = {
							com.apple.Maps.iOS = {
								enabled = 0;
							};
							com.apple.iCloud = {
								enabled = 0;
							};
						};
					};
				};
			};
			buildConfigurationList = FC1E24731C2B10F5009E9908 /* Build configuration list for PBXProject "Rendezvous" */;
			compatibilityVersion = "Xcode 3.2";
			developmentRegion = English;
			hasScannedForEncodings = 0;
			knownRegions = (
				en,
				Base,
			);
			mainGroup = FC1E246F1C2B10F5009E9908;
			productRefGroup = FC1E24791C2B10F5009E9908 /* Products */;
			projectDirPath = "";
			projectRoot = "";
			targets = (
				FC1E24771C2B10F5009E9908 /* Rendezvous */,
			);
		};
/* End PBXProject section */

/* Begin PBXResourcesBuildPhase section */
		FC1E24761C2B10F5009E9908 /* Resources */ = {
			isa = PBXResourcesBuildPhase;
			buildActionMask = 2147483647;
			files = (
				859671231CE7CC9F003644F3 /* Main.storyboard in Resources */,
				FC1E24861C2B10F5009E9908 /* LaunchScreen.storyboard in Resources */,
				FC1E24831C2B10F5009E9908 /* Assets.xcassets in Resources */,
			);
			runOnlyForDeploymentPostprocessing = 0;
		};
/* End PBXResourcesBuildPhase section */

/* Begin PBXSourcesBuildPhase section */
		FC1E24741C2B10F5009E9908 /* Sources */ = {
			isa = PBXSourcesBuildPhase;
			buildActionMask = 2147483647;
			files = (
				85FE6A3D1CEE605500FD2D55 /* CreateAccountViewController.swift in Sources */,
				67C7DEAF1CEBE4B90094C22F /* AppDelegate.swift in Sources */,
				676017D71CE7DAF7002784CC /* MembersViewController.swift in Sources */,
				EC9C62691CEAADA400DE00A4 /* Event.swift in Sources */,
				673D3DA51CEC584F004DA86D /* LocationSearchTable.swift in Sources */,
				EC9C62651CEAAA6B00DE00A4 /* EventCell.swift in Sources */,
				8528CDD11CE691D3003794D5 /* SignInViewController.swift in Sources */,
				676017D51CE7DAF7002784CC /* Member.swift in Sources */,
				67C7DEB31CEBE66B0094C22F /* MapViewController.swift in Sources */,
				676017D41CE7DAF7002784CC /* AddMemberViewController.swift in Sources */,
				676017D61CE7DAF7002784CC /* MemberCell.swift in Sources */,
				EC9C62671CEAAADF00DE00A4 /* EventsViewController.swift in Sources */,
			);
			runOnlyForDeploymentPostprocessing = 0;
		};
/* End PBXSourcesBuildPhase section */

/* Begin PBXVariantGroup section */
		FC1E24841C2B10F5009E9908 /* LaunchScreen.storyboard */ = {
			isa = PBXVariantGroup;
			children = (
				FC1E24851C2B10F5009E9908 /* Base */,
			);
			name = LaunchScreen.storyboard;
			sourceTree = "<group>";
		};
/* End PBXVariantGroup section */

/* Begin XCBuildConfiguration section */
		FC1E24881C2B10F5009E9908 /* Debug */ = {
			isa = XCBuildConfiguration;
			buildSettings = {
				ALWAYS_SEARCH_USER_PATHS = NO;
				CLANG_CXX_LANGUAGE_STANDARD = "gnu++0x";
				CLANG_CXX_LIBRARY = "libc++";
				CLANG_ENABLE_MODULES = YES;
				CLANG_ENABLE_OBJC_ARC = YES;
				CLANG_WARN_BOOL_CONVERSION = YES;
				CLANG_WARN_CONSTANT_CONVERSION = YES;
				CLANG_WARN_DIRECT_OBJC_ISA_USAGE = YES_ERROR;
				CLANG_WARN_EMPTY_BODY = YES;
				CLANG_WARN_ENUM_CONVERSION = YES;
				CLANG_WARN_INT_CONVERSION = YES;
				CLANG_WARN_OBJC_ROOT_CLASS = YES_ERROR;
				CLANG_WARN_UNREACHABLE_CODE = YES;
				CLANG_WARN__DUPLICATE_METHOD_MATCH = YES;
				"CODE_SIGN_IDENTITY[sdk=iphoneos*]" = "iPhone Developer";
				COPY_PHASE_STRIP = NO;
				DEBUG_INFORMATION_FORMAT = dwarf;
				ENABLE_STRICT_OBJC_MSGSEND = YES;
				ENABLE_TESTABILITY = YES;
				GCC_C_LANGUAGE_STANDARD = gnu99;
				GCC_DYNAMIC_NO_PIC = NO;
				GCC_NO_COMMON_BLOCKS = YES;
				GCC_OPTIMIZATION_LEVEL = 0;
				GCC_PREPROCESSOR_DEFINITIONS = (
					"DEBUG=1",
					"$(inherited)",
				);
				GCC_WARN_64_TO_32_BIT_CONVERSION = YES;
				GCC_WARN_ABOUT_RETURN_TYPE = YES_ERROR;
				GCC_WARN_UNDECLARED_SELECTOR = YES;
				GCC_WARN_UNINITIALIZED_AUTOS = YES_AGGRESSIVE;
				GCC_WARN_UNUSED_FUNCTION = YES;
				GCC_WARN_UNUSED_VARIABLE = YES;
				IPHONEOS_DEPLOYMENT_TARGET = 9.2;
				MTL_ENABLE_DEBUG_INFO = YES;
				ONLY_ACTIVE_ARCH = YES;
				SDKROOT = iphoneos;
				SWIFT_OPTIMIZATION_LEVEL = "-Onone";
				TARGETED_DEVICE_FAMILY = "1,2";
			};
			name = Debug;
		};
		FC1E24891C2B10F5009E9908 /* Release */ = {
			isa = XCBuildConfiguration;
			buildSettings = {
				ALWAYS_SEARCH_USER_PATHS = NO;
				CLANG_CXX_LANGUAGE_STANDARD = "gnu++0x";
				CLANG_CXX_LIBRARY = "libc++";
				CLANG_ENABLE_MODULES = YES;
				CLANG_ENABLE_OBJC_ARC = YES;
				CLANG_WARN_BOOL_CONVERSION = YES;
				CLANG_WARN_CONSTANT_CONVERSION = YES;
				CLANG_WARN_DIRECT_OBJC_ISA_USAGE = YES_ERROR;
				CLANG_WARN_EMPTY_BODY = YES;
				CLANG_WARN_ENUM_CONVERSION = YES;
				CLANG_WARN_INT_CONVERSION = YES;
				CLANG_WARN_OBJC_ROOT_CLASS = YES_ERROR;
				CLANG_WARN_UNREACHABLE_CODE = YES;
				CLANG_WARN__DUPLICATE_METHOD_MATCH = YES;
				"CODE_SIGN_IDENTITY[sdk=iphoneos*]" = "iPhone Developer";
				COPY_PHASE_STRIP = NO;
				DEBUG_INFORMATION_FORMAT = "dwarf-with-dsym";
				ENABLE_NS_ASSERTIONS = NO;
				ENABLE_STRICT_OBJC_MSGSEND = YES;
				GCC_C_LANGUAGE_STANDARD = gnu99;
				GCC_NO_COMMON_BLOCKS = YES;
				GCC_WARN_64_TO_32_BIT_CONVERSION = YES;
				GCC_WARN_ABOUT_RETURN_TYPE = YES_ERROR;
				GCC_WARN_UNDECLARED_SELECTOR = YES;
				GCC_WARN_UNINITIALIZED_AUTOS = YES_AGGRESSIVE;
				GCC_WARN_UNUSED_FUNCTION = YES;
				GCC_WARN_UNUSED_VARIABLE = YES;
				IPHONEOS_DEPLOYMENT_TARGET = 9.2;
				MTL_ENABLE_DEBUG_INFO = NO;
				SDKROOT = iphoneos;
				TARGETED_DEVICE_FAMILY = "1,2";
				VALIDATE_PRODUCT = YES;
			};
			name = Release;
		};
		FC1E248B1C2B10F5009E9908 /* Debug */ = {
			isa = XCBuildConfiguration;
			buildSettings = {
				ASSETCATALOG_COMPILER_APPICON_NAME = AppIcon;
				CODE_SIGN_ENTITLEMENTS = "";
				CODE_SIGN_IDENTITY = "iPhone Developer";
				FRAMEWORK_SEARCH_PATHS = (
					"$(inherited)",
					"$(PROJECT_DIR)/Rendezvous",
				);
				INFOPLIST_FILE = "$(SRCROOT)/Rendezvous/Info.plist";
				LD_RUNPATH_SEARCH_PATHS = "$(inherited) @executable_path/Frameworks";
				PRODUCT_BUNDLE_IDENTIFIER = FOUR.GUYS.Rendezvous;
				PRODUCT_NAME = Rendezvous;
			};
			name = Debug;
		};
		FC1E248C1C2B10F5009E9908 /* Release */ = {
			isa = XCBuildConfiguration;
			buildSettings = {
				ASSETCATALOG_COMPILER_APPICON_NAME = AppIcon;
				CODE_SIGN_ENTITLEMENTS = "";
				CODE_SIGN_IDENTITY = "iPhone Developer";
				FRAMEWORK_SEARCH_PATHS = (
					"$(inherited)",
					"$(PROJECT_DIR)/Rendezvous",
				);
				INFOPLIST_FILE = "$(SRCROOT)/Rendezvous/Info.plist";
				LD_RUNPATH_SEARCH_PATHS = "$(inherited) @executable_path/Frameworks";
				PRODUCT_BUNDLE_IDENTIFIER = FOUR.GUYS.Rendezvous;
				PRODUCT_NAME = Rendezvous;
			};
			name = Release;
		};
/* End XCBuildConfiguration section */

/* Begin XCConfigurationList section */
		FC1E24731C2B10F5009E9908 /* Build configuration list for PBXProject "Rendezvous" */ = {
			isa = XCConfigurationList;
			buildConfigurations = (
				FC1E24881C2B10F5009E9908 /* Debug */,
				FC1E24891C2B10F5009E9908 /* Release */,
			);
			defaultConfigurationIsVisible = 0;
			defaultConfigurationName = Release;
		};
		FC1E248A1C2B10F5009E9908 /* Build configuration list for PBXNativeTarget "Rendezvous" */ = {
			isa = XCConfigurationList;
			buildConfigurations = (
				FC1E248B1C2B10F5009E9908 /* Debug */,
				FC1E248C1C2B10F5009E9908 /* Release */,
			);
			defaultConfigurationIsVisible = 0;
			defaultConfigurationName = Release;
		};
/* End XCConfigurationList section */
	};
	rootObject = FC1E24701C2B10F5009E9908 /* Project object */;
}
